# This file is @generated by PDM.
# It is not intended for manual editing.

[metadata]
groups = ["default", "dev"]
strategy = ["cross_platform", "inherit_metadata"]
lock_version = "4.4.1"
content_hash = "sha256:750319a3bf2b2af6278a67abc8bc77de818fd445ecb58e8f8b3be33cd2538496"

[[package]]
name = "black"
version = "24.4.2"
requires_python = ">=3.8"
summary = "The uncompromising code formatter."
groups = ["dev"]
dependencies = [
    "click>=8.0.0",
    "mypy-extensions>=0.4.3",
    "packaging>=22.0",
    "pathspec>=0.9.0",
    "platformdirs>=2",
]
files = [
    {file = "black-24.4.2-cp312-cp312-macosx_10_9_x86_64.whl", hash = "sha256:accf49e151c8ed2c0cdc528691838afd217c50412534e876a19270fea1e28e2d"},
    {file = "black-24.4.2-cp312-cp312-macosx_11_0_arm64.whl", hash = "sha256:88c57dc656038f1ab9f92b3eb5335ee9b021412feaa46330d5eba4e51fe49b04"},
    {file = "black-24.4.2-cp312-cp312-manylinux_2_17_x86_64.manylinux2014_x86_64.whl", hash = "sha256:be8bef99eb46d5021bf053114442914baeb3649a89dc5f3a555c88737e5e98fc"},
    {file = "black-24.4.2-cp312-cp312-win_amd64.whl", hash = "sha256:415e686e87dbbe6f4cd5ef0fbf764af7b89f9057b97c908742b6008cc554b9c0"},
    {file = "black-24.4.2-py3-none-any.whl", hash = "sha256:d36ed1124bb81b32f8614555b34cc4259c3fbc7eec17870e8ff8ded335b58d8c"},
    {file = "black-24.4.2.tar.gz", hash = "sha256:c872b53057f000085da66a19c55d68f6f8ddcac2642392ad3a355878406fbd4d"},
]

[[package]]
name = "click"
version = "8.1.7"
requires_python = ">=3.7"
summary = "Composable command line interface toolkit"
groups = ["dev"]
dependencies = [
    "colorama; platform_system == \"Windows\"",
]
files = [
    {file = "click-8.1.7-py3-none-any.whl", hash = "sha256:ae74fb96c20a0277a1d615f1e4d73c8414f5a98db8b799a7931d1582f3390c28"},
    {file = "click-8.1.7.tar.gz", hash = "sha256:ca9853ad459e787e2192211578cc907e7594e294c7ccc834310722b41b9ca6de"},
]

[[package]]
name = "colorama"
version = "0.4.6"
requires_python = "!=3.0.*,!=3.1.*,!=3.2.*,!=3.3.*,!=3.4.*,!=3.5.*,!=3.6.*,>=2.7"
summary = "Cross-platform colored terminal text."
groups = ["dev"]
marker = "platform_system == \"Windows\""
files = [
    {file = "colorama-0.4.6-py2.py3-none-any.whl", hash = "sha256:4f1d9991f5acc0ca119f9d443620b77f9d6b33703e51011c16baf57afb285fc6"},
    {file = "colorama-0.4.6.tar.gz", hash = "sha256:08695f5cb7ed6e0531a20572697297273c47b8cae5a63ffc6d6ed5c201be6e44"},
]

[[package]]
name = "grpcio"
version = "1.62.2"
requires_python = ">=3.7"
summary = "HTTP/2-based RPC framework"
groups = ["default", "dev"]
files = [
    {file = "grpcio-1.62.2-cp312-cp312-linux_armv7l.whl", hash = "sha256:65034473fc09628a02fb85f26e73885cf1ed39ebd9cf270247b38689ff5942c5"},
    {file = "grpcio-1.62.2-cp312-cp312-macosx_10_10_universal2.whl", hash = "sha256:d2c1771d0ee3cf72d69bb5e82c6a82f27fbd504c8c782575eddb7839729fbaad"},
    {file = "grpcio-1.62.2-cp312-cp312-manylinux_2_17_aarch64.whl", hash = "sha256:3abe6838196da518863b5d549938ce3159d809218936851b395b09cad9b5d64a"},
    {file = "grpcio-1.62.2-cp312-cp312-manylinux_2_17_i686.manylinux2014_i686.whl", hash = "sha256:c5ffeb269f10cedb4f33142b89a061acda9f672fd1357331dbfd043422c94e9e"},
    {file = "grpcio-1.62.2-cp312-cp312-manylinux_2_17_x86_64.manylinux2014_x86_64.whl", hash = "sha256:404d3b4b6b142b99ba1cff0b2177d26b623101ea2ce51c25ef6e53d9d0d87bcc"},
    {file = "grpcio-1.62.2-cp312-cp312-musllinux_1_1_i686.whl", hash = "sha256:262cda97efdabb20853d3b5a4c546a535347c14b64c017f628ca0cc7fa780cc6"},
    {file = "grpcio-1.62.2-cp312-cp312-musllinux_1_1_x86_64.whl", hash = "sha256:17708db5b11b966373e21519c4c73e5a750555f02fde82276ea2a267077c68ad"},
    {file = "grpcio-1.62.2-cp312-cp312-win32.whl", hash = "sha256:b7ec9e2f8ffc8436f6b642a10019fc513722858f295f7efc28de135d336ac189"},
    {file = "grpcio-1.62.2-cp312-cp312-win_amd64.whl", hash = "sha256:aa787b83a3cd5e482e5c79be030e2b4a122ecc6c5c6c4c42a023a2b581fdf17b"},
    {file = "grpcio-1.62.2.tar.gz", hash = "sha256:c77618071d96b7a8be2c10701a98537823b9c65ba256c0b9067e0594cdbd954d"},
]

[[package]]
name = "grpcio-tools"
version = "1.62.2"
requires_python = ">=3.7"
summary = "Protobuf code generator for gRPC"
groups = ["dev"]
dependencies = [
    "grpcio>=1.62.2",
    "protobuf<5.0dev,>=4.21.6",
    "setuptools",
]
files = [
    {file = "grpcio-tools-1.62.2.tar.gz", hash = "sha256:5fd5e1582b678e6b941ee5f5809340be5e0724691df5299aae8226640f94e18f"},
    {file = "grpcio_tools-1.62.2-cp312-cp312-linux_armv7l.whl", hash = "sha256:10cc3321704ecd17c93cf68c99c35467a8a97ffaaed53207e9b2da6ae0308ee1"},
    {file = "grpcio_tools-1.62.2-cp312-cp312-macosx_10_10_universal2.whl", hash = "sha256:9be84ff6d47fd61462be7523b49d7ba01adf67ce4e1447eae37721ab32464dd8"},
    {file = "grpcio_tools-1.62.2-cp312-cp312-manylinux_2_17_aarch64.whl", hash = "sha256:d82f681c9a9d933a9d8068e8e382977768e7779ddb8870fa0cf918d8250d1532"},
    {file = "grpcio_tools-1.62.2-cp312-cp312-manylinux_2_17_i686.manylinux2014_i686.whl", hash = "sha256:04c607029ae3660fb1624ed273811ffe09d57d84287d37e63b5b802a35897329"},
    {file = "grpcio_tools-1.62.2-cp312-cp312-manylinux_2_17_x86_64.manylinux2014_x86_64.whl", hash = "sha256:72b61332f1b439c14cbd3815174a8f1d35067a02047c32decd406b3a09bb9890"},
    {file = "grpcio_tools-1.62.2-cp312-cp312-musllinux_1_1_i686.whl", hash = "sha256:8214820990d01b52845f9fbcb92d2b7384a0c321b303e3ac614c219dc7d1d3af"},
    {file = "grpcio_tools-1.62.2-cp312-cp312-musllinux_1_1_x86_64.whl", hash = "sha256:462e0ab8dd7c7b70bfd6e3195eebc177549ede5cf3189814850c76f9a340d7ce"},
    {file = "grpcio_tools-1.62.2-cp312-cp312-win32.whl", hash = "sha256:fa107460c842e4c1a6266150881694fefd4f33baa544ea9489601810c2210ef8"},
    {file = "grpcio_tools-1.62.2-cp312-cp312-win_amd64.whl", hash = "sha256:759c60f24c33a181bbbc1232a6752f9b49fbb1583312a4917e2b389fea0fb0f2"},
]

[[package]]
name = "msgpack"
version = "1.0.8"
requires_python = ">=3.8"
summary = "MessagePack serializer"
groups = ["default"]
files = [
    {file = "msgpack-1.0.8-cp312-cp312-macosx_10_9_universal2.whl", hash = "sha256:114be227f5213ef8b215c22dde19532f5da9652e56e8ce969bf0a26d7c419fee"},
    {file = "msgpack-1.0.8-cp312-cp312-macosx_10_9_x86_64.whl", hash = "sha256:d661dc4785affa9d0edfdd1e59ec056a58b3dbb9f196fa43587f3ddac654ac7b"},
    {file = "msgpack-1.0.8-cp312-cp312-macosx_11_0_arm64.whl", hash = "sha256:d56fd9f1f1cdc8227d7b7918f55091349741904d9520c65f0139a9755952c9e8"},
    {file = "msgpack-1.0.8-cp312-cp312-manylinux_2_17_aarch64.manylinux2014_aarch64.whl", hash = "sha256:0726c282d188e204281ebd8de31724b7d749adebc086873a59efb8cf7ae27df3"},
    {file = "msgpack-1.0.8-cp312-cp312-manylinux_2_17_x86_64.manylinux2014_x86_64.whl", hash = "sha256:8db8e423192303ed77cff4dce3a4b88dbfaf43979d280181558af5e2c3c71afc"},
    {file = "msgpack-1.0.8-cp312-cp312-manylinux_2_5_i686.manylinux1_i686.manylinux_2_17_i686.manylinux2014_i686.whl", hash = "sha256:99881222f4a8c2f641f25703963a5cefb076adffd959e0558dc9f803a52d6a58"},
    {file = "msgpack-1.0.8-cp312-cp312-musllinux_1_1_aarch64.whl", hash = "sha256:b5505774ea2a73a86ea176e8a9a4a7c8bf5d521050f0f6f8426afe798689243f"},
    {file = "msgpack-1.0.8-cp312-cp312-musllinux_1_1_i686.whl", hash = "sha256:ef254a06bcea461e65ff0373d8a0dd1ed3aa004af48839f002a0c994a6f72d04"},
    {file = "msgpack-1.0.8-cp312-cp312-musllinux_1_1_x86_64.whl", hash = "sha256:e1dd7839443592d00e96db831eddb4111a2a81a46b028f0facd60a09ebbdd543"},
    {file = "msgpack-1.0.8-cp312-cp312-win32.whl", hash = "sha256:64d0fcd436c5683fdd7c907eeae5e2cbb5eb872fafbc03a43609d7941840995c"},
    {file = "msgpack-1.0.8-cp312-cp312-win_amd64.whl", hash = "sha256:74398a4cf19de42e1498368c36eed45d9528f5fd0155241e82c4082b7e16cffd"},
    {file = "msgpack-1.0.8.tar.gz", hash = "sha256:95c02b0e27e706e48d0e5426d1710ca78e0f0628d6e89d5b5a5b91a5f12274f3"},
]

[[package]]
name = "mypy-extensions"
version = "1.0.0"
requires_python = ">=3.5"
summary = "Type system extensions for programs checked with the mypy type checker."
groups = ["dev"]
files = [
    {file = "mypy_extensions-1.0.0-py3-none-any.whl", hash = "sha256:4392f6c0eb8a5668a69e23d168ffa70f0be9ccfd32b5cc2d26a34ae5b844552d"},
    {file = "mypy_extensions-1.0.0.tar.gz", hash = "sha256:75dbf8955dc00442a438fc4d0666508a9a97b6bd41aa2f0ffe9d2f2725af0782"},
]

[[package]]
name = "packaging"
version = "24.0"
requires_python = ">=3.7"
summary = "Core utilities for Python packages"
groups = ["dev"]
files = [
    {file = "packaging-24.0-py3-none-any.whl", hash = "sha256:2ddfb553fdf02fb784c234c7ba6ccc288296ceabec964ad2eae3777778130bc5"},
    {file = "packaging-24.0.tar.gz", hash = "sha256:eb82c5e3e56209074766e6885bb04b8c38a0c015d0a30036ebe7ece34c9989e9"},
]

[[package]]
name = "pathspec"
version = "0.12.1"
requires_python = ">=3.8"
summary = "Utility library for gitignore style pattern matching of file paths."
groups = ["dev"]
files = [
    {file = "pathspec-0.12.1-py3-none-any.whl", hash = "sha256:a0d503e138a4c123b27490a4f7beda6a01c6f288df0e4a8b79c7eb0dc7b4cc08"},
    {file = "pathspec-0.12.1.tar.gz", hash = "sha256:a482d51503a1ab33b1c67a6c3813a26953dbdc71c31dacaef9a838c4e29f5712"},
]

[[package]]
name = "platformdirs"
version = "4.2.1"
requires_python = ">=3.8"
summary = "A small Python package for determining appropriate platform-specific dirs, e.g. a `user data dir`."
groups = ["dev"]
files = [
    {file = "platformdirs-4.2.1-py3-none-any.whl", hash = "sha256:17d5a1161b3fd67b390023cb2d3b026bbd40abde6fdb052dfbd3a29c3ba22ee1"},
    {file = "platformdirs-4.2.1.tar.gz", hash = "sha256:031cd18d4ec63ec53e82dceaac0417d218a6863f7745dfcc9efe7793b7039bdf"},
]

[[package]]
name = "protobuf"
version = "4.25.3"
requires_python = ">=3.8"
summary = ""
groups = ["dev"]
files = [
    {file = "protobuf-4.25.3-cp310-abi3-win32.whl", hash = "sha256:d4198877797a83cbfe9bffa3803602bbe1625dc30d8a097365dbc762e5790faa"},
    {file = "protobuf-4.25.3-cp310-abi3-win_amd64.whl", hash = "sha256:209ba4cc916bab46f64e56b85b090607a676f66b473e6b762e6f1d9d591eb2e8"},
    {file = "protobuf-4.25.3-cp37-abi3-macosx_10_9_universal2.whl", hash = "sha256:f1279ab38ecbfae7e456a108c5c0681e4956d5b1090027c1de0f934dfdb4b35c"},
    {file = "protobuf-4.25.3-cp37-abi3-manylinux2014_aarch64.whl", hash = "sha256:e7cb0ae90dd83727f0c0718634ed56837bfeeee29a5f82a7514c03ee1364c019"},
    {file = "protobuf-4.25.3-cp37-abi3-manylinux2014_x86_64.whl", hash = "sha256:7c8daa26095f82482307bc717364e7c13f4f1c99659be82890dcfc215194554d"},
    {file = "protobuf-4.25.3-py3-none-any.whl", hash = "sha256:f0700d54bcf45424477e46a9f0944155b46fb0639d69728739c0e47bab83f2b9"},
    {file = "protobuf-4.25.3.tar.gz", hash = "sha256:25b5d0b42fd000320bd7830b349e3b696435f3b329810427a6bcce6a5492cc5c"},
]

[[package]]
name = "setuptools"
version = "69.5.1"
requires_python = ">=3.8"
summary = "Easily download, build, install, upgrade, and uninstall Python packages"
groups = ["dev"]
files = [
    {file = "setuptools-69.5.1-py3-none-any.whl", hash = "sha256:c636ac361bc47580504644275c9ad802c50415c7522212252c033bd15f301f32"},
    {file = "setuptools-69.5.1.tar.gz", hash = "sha256:6c1fccdac05a97e598fb0ae3bbed5904ccb317337a51139dcd51453611bbb987"},
]
